
Microsoft Visual Studio Solution File, Format Version 12.00
# Visual Studio Version 16
VisualStudioVersion = 16.0.30907.101
MinimumVisualStudioVersion = 10.0.40219.1
Project("{FAE04EC0-301F-11D3-BF4B-00C04F79EFBC}") = "BulkyBookProject", "BulkyBookProject.csproj", "{34B5EB5B-D4C3-425C-A0ED-75AEAECEB238}"
EndProject
Global
	GlobalSection(SolutionConfigurationPlatforms) = preSolution
		Debug|Any CPU = Debug|Any CPU
		Release|Any CPU = Release|Any CPU
	EndGlobalSection
	GlobalSection(ProjectConfigurationPlatforms) = postSolution
		{34B5EB5B-D4C3-425C-A0ED-75AEAECEB238}.Debug|Any CPU.ActiveCfg = Debug|Any CPU
		{34B5EB5B-D4C3-425C-A0ED-75AEAECEB238}.Debug|Any CPU.Build.0 = Debug|Any CPU
		{34B5EB5B-D4C3-425C-A0ED-75AEAECEB238}.Release|Any CPU.ActiveCfg = Release|Any CPU
		{34B5EB5B-D4C3-425C-A0ED-75AEAECEB238}.Release|Any CPU.Build.0 = Release|Any CPU
	EndGlobalSection
	GlobalSection(SolutionProperties) = preSolution
		HideSolutionNode = FALSE
	EndGlobalSection
	GlobalSection(ExtensibilityGlobals) = postSolution
		SolutionGuid = {CBD72AF7-422F-49AF-A706-D67EAB26544D}
	EndGlobalSection
EndGlobal
